
Microsoft Visual Studio Solution File, Format Version 12.00
# Visual Studio Version 16
VisualStudioVersion = 16.0.30413.136
MinimumVisualStudioVersion = 10.0.40219.1
Project("{FAE04EC0-301F-11D3-BF4B-00C04F79EFBC}") = "IDCodeReader", "IDCodeReader.csproj", "{535951CF-95DD-4D39-8FC6-12DB611285E4}"
EndProject
Project("{FAE04EC0-301F-11D3-BF4B-00C04F79EFBC}") = "Substring", "..\Substring\Substring.csproj", "{FA8340DC-873F-4D0E-B11A-316516D0A5E0}"
EndProject
Project("{FAE04EC0-301F-11D3-BF4B-00C04F79EFBC}") = "LOGITpe20", "..\LOGITpe20\LOGITpe20.csproj", "{DE3CDF69-A792-4DDB-9104-2C148998DDFE}"
EndProject
Global
	GlobalSection(SolutionConfigurationPlatforms) = preSolution
		Debug|Any CPU = Debug|Any CPU
		Release|Any CPU = Release|Any CPU
	EndGlobalSection
	GlobalSection(ProjectConfigurationPlatforms) = postSolution
		{535951CF-95DD-4D39-8FC6-12DB611285E4}.Debug|Any CPU.ActiveCfg = Debug|Any CPU
		{535951CF-95DD-4D39-8FC6-12DB611285E4}.Debug|Any CPU.Build.0 = Debug|Any CPU
		{535951CF-95DD-4D39-8FC6-12DB611285E4}.Release|Any CPU.ActiveCfg = Release|Any CPU
		{535951CF-95DD-4D39-8FC6-12DB611285E4}.Release|Any CPU.Build.0 = Release|Any CPU
		{FA8340DC-873F-4D0E-B11A-316516D0A5E0}.Debug|Any CPU.ActiveCfg = Debug|Any CPU
		{FA8340DC-873F-4D0E-B11A-316516D0A5E0}.Debug|Any CPU.Build.0 = Debug|Any CPU
		{FA8340DC-873F-4D0E-B11A-316516D0A5E0}.Release|Any CPU.ActiveCfg = Release|Any CPU
		{FA8340DC-873F-4D0E-B11A-316516D0A5E0}.Release|Any CPU.Build.0 = Release|Any CPU
		{DE3CDF69-A792-4DDB-9104-2C148998DDFE}.Debug|Any CPU.ActiveCfg = Debug|Any CPU
		{DE3CDF69-A792-4DDB-9104-2C148998DDFE}.Debug|Any CPU.Build.0 = Debug|Any CPU
		{DE3CDF69-A792-4DDB-9104-2C148998DDFE}.Release|Any CPU.ActiveCfg = Release|Any CPU
		{DE3CDF69-A792-4DDB-9104-2C148998DDFE}.Release|Any CPU.Build.0 = Release|Any CPU
	EndGlobalSection
	GlobalSection(SolutionProperties) = preSolution
		HideSolutionNode = FALSE
	EndGlobalSection
	GlobalSection(ExtensibilityGlobals) = postSolution
		SolutionGuid = {9C4D3F4C-6A86-4EAF-8F48-37E4B8A103B1}
	EndGlobalSection
EndGlobal
